
Microsoft Visual Studio Solution File, Format Version 12.00
# Visual Studio Version 17
VisualStudioVersion = 17.4.33213.308
MinimumVisualStudioVersion = 10.0.40219.1
Project("{FAE04EC0-301F-11D3-BF4B-00C04F79EFBC}") = "Tarea1.Android", "Tarea1\Tarea1.Android\Tarea1.Android.csproj", "{6E536B01-4917-4B96-BA94-0CB83AD4BA98}"
EndProject
Project("{FAE04EC0-301F-11D3-BF4B-00C04F79EFBC}") = "Tarea1", "Tarea1\Tarea1\Tarea1.csproj", "{74E6005B-055D-4F66-8EB6-C25BB26A2462}"
EndProject
Global
	GlobalSection(SolutionConfigurationPlatforms) = preSolution
		Debug|Any CPU = Debug|Any CPU
		Release|Any CPU = Release|Any CPU
	EndGlobalSection
	GlobalSection(ProjectConfigurationPlatforms) = postSolution
		{6E536B01-4917-4B96-BA94-0CB83AD4BA98}.Debug|Any CPU.ActiveCfg = Debug|Any CPU
		{6E536B01-4917-4B96-BA94-0CB83AD4BA98}.Debug|Any CPU.Build.0 = Debug|Any CPU
		{6E536B01-4917-4B96-BA94-0CB83AD4BA98}.Debug|Any CPU.Deploy.0 = Debug|Any CPU
		{6E536B01-4917-4B96-BA94-0CB83AD4BA98}.Release|Any CPU.ActiveCfg = Release|Any CPU
		{6E536B01-4917-4B96-BA94-0CB83AD4BA98}.Release|Any CPU.Build.0 = Release|Any CPU
		{6E536B01-4917-4B96-BA94-0CB83AD4BA98}.Release|Any CPU.Deploy.0 = Release|Any CPU
		{74E6005B-055D-4F66-8EB6-C25BB26A2462}.Debug|Any CPU.ActiveCfg = Debug|Any CPU
		{74E6005B-055D-4F66-8EB6-C25BB26A2462}.Debug|Any CPU.Build.0 = Debug|Any CPU
		{74E6005B-055D-4F66-8EB6-C25BB26A2462}.Debug|Any CPU.Deploy.0 = Debug|Any CPU
		{74E6005B-055D-4F66-8EB6-C25BB26A2462}.Release|Any CPU.ActiveCfg = Release|Any CPU
		{74E6005B-055D-4F66-8EB6-C25BB26A2462}.Release|Any CPU.Build.0 = Release|Any CPU
		{74E6005B-055D-4F66-8EB6-C25BB26A2462}.Release|Any CPU.Deploy.0 = Release|Any CPU
	EndGlobalSection
	GlobalSection(SolutionProperties) = preSolution
		HideSolutionNode = FALSE
	EndGlobalSection
	GlobalSection(ExtensibilityGlobals) = postSolution
		SolutionGuid = {D97F53CE-D861-445B-B993-06B83B51C22A}
	EndGlobalSection
EndGlobal
